{
	"requires": true,
	"lockfileVersion": 1,
	"dependencies": {
		"@storybook/addons": {
			"version": "3.4.11",
			"resolved": "https://registry.npmjs.org/@storybook/addons/-/addons-3.4.11.tgz",
			"integrity": "sha512-Uf01aZ1arcpG1prrrCrBCUYW63lDaoG+r/i3TNo1iG9ZaNc+2UHWeuiEedLfHg0fi/q7UnqMNWDiyO3AkEwwrA=="
		}
	}
}
